// !$*UTF8*$!
{
	archiveVersion = 1;
	classes = {
	};
	objectVersion = 46;
	objects = {

/* Begin PBXBuildFile section */
		1D243FB61F1AE881003E220A /* Os.mm in Sources */ = {isa = PBXBuildFile; fileRef = 1D243FB51F1AE881003E220A /* Os.mm */; };
		1D243FB81F1AE893003E220A /* Graphics.cpp in Sources */ = {isa = PBXBuildFile; fileRef = 1D243FB71F1AE893003E220A /* Graphics.cpp */; };
		1D243FBA1F1AE8A2003E220A /* Sound.cpp in Sources */ = {isa = PBXBuildFile; fileRef = 1D243FB91F1AE8A2003E220A /* Sound.cpp */; };
		1D243FBC1F1AE98F003E220A /* include in Resources */ = {isa = PBXBuildFile; fileRef = 1D243FBB1F1AE98F003E220A /* include */; };
		A20A6FA01835E22A00B8F7B5 /* OpenAL.framework in Frameworks */ = {isa = PBXBuildFile; fileRef = A20A6F9F1835E22A00B8F7B5 /* OpenAL.framework */; };
		A2334583182B7E2800DA7962 /* MyView.mm in Sources */ = {isa = PBXBuildFile; fileRef = A2334582182B7E2800DA7962 /* MyView.mm */; };
		A23345C9182CD31F00DA7962 /* SunabaWrapper.mm in Sources */ = {isa = PBXBuildFile; fileRef = A23345C8182CD31F00DA7962 /* SunabaWrapper.mm */; };
		A2ABF6B91828B3C700228181 /* Cocoa.framework in Frameworks */ = {isa = PBXBuildFile; fileRef = A2ABF6B81828B3C700228181 /* Cocoa.framework */; };
		A2ABF6C31828B3C700228181 /* InfoPlist.strings in Resources */ = {isa = PBXBuildFile; fileRef = A2ABF6C11828B3C700228181 /* InfoPlist.strings */; };
		A2ABF6C51828B3C700228181 /* main.mm in Sources */ = {isa = PBXBuildFile; fileRef = A2ABF6C41828B3C700228181 /* main.mm */; };
		A2ABF6C91828B3C700228181 /* Credits.rtf in Resources */ = {isa = PBXBuildFile; fileRef = A2ABF6C71828B3C700228181 /* Credits.rtf */; };
		A2ABF6CC1828B3C700228181 /* AppDelegate.mm in Sources */ = {isa = PBXBuildFile; fileRef = A2ABF6CB1828B3C700228181 /* AppDelegate.mm */; };
		A2ABF6CF1828B3C700228181 /* MainMenu.xib in Resources */ = {isa = PBXBuildFile; fileRef = A2ABF6CD1828B3C700228181 /* MainMenu.xib */; };
		A2ABF6D11828B3C700228181 /* Images.xcassets in Resources */ = {isa = PBXBuildFile; fileRef = A2ABF6D01828B3C700228181 /* Images.xcassets */; };
		A2ABF6D81828B3C700228181 /* XCTest.framework in Frameworks */ = {isa = PBXBuildFile; fileRef = A2ABF6D71828B3C700228181 /* XCTest.framework */; };
		A2ABF6D91828B3C700228181 /* Cocoa.framework in Frameworks */ = {isa = PBXBuildFile; fileRef = A2ABF6B81828B3C700228181 /* Cocoa.framework */; };
		A2ABF6E11828B3C700228181 /* InfoPlist.strings in Resources */ = {isa = PBXBuildFile; fileRef = A2ABF6DF1828B3C700228181 /* InfoPlist.strings */; };
		A2ABF6E31828B3C700228181 /* MacSunabaTests.m in Sources */ = {isa = PBXBuildFile; fileRef = A2ABF6E21828B3C700228181 /* MacSunabaTests.m */; };
		A2ABF6EE1828B68700228181 /* MyGLView.mm in Sources */ = {isa = PBXBuildFile; fileRef = A2ABF6ED1828B68700228181 /* MyGLView.mm */; };
		A2ABF73A1828B6E800228181 /* OpenGL.framework in Frameworks */ = {isa = PBXBuildFile; fileRef = A2ABF7391828B6E800228181 /* OpenGL.framework */; };
/* End PBXBuildFile section */

/* Begin PBXContainerItemProxy section */
		A2ABF6DA1828B3C700228181 /* PBXContainerItemProxy */ = {
			isa = PBXContainerItemProxy;
			containerPortal = A2ABF6AD1828B3C700228181 /* Project object */;
			proxyType = 1;
			remoteGlobalIDString = A2ABF6B41828B3C700228181;
			remoteInfo = MacSunaba;
		};
/* End PBXContainerItemProxy section */

/* Begin PBXFileReference section */
		1D243FB51F1AE881003E220A /* Os.mm */ = {isa = PBXFileReference; fileEncoding = 4; lastKnownFileType = sourcecode.cpp.objcpp; name = Os.mm; path = ../../../../../cpp/Base/mac/Os.mm; sourceTree = "<group>"; };
		1D243FB71F1AE893003E220A /* Graphics.cpp */ = {isa = PBXFileReference; fileEncoding = 4; lastKnownFileType = sourcecode.cpp.cpp; name = Graphics.cpp; path = ../../../../../cpp/Graphics/mac/Graphics.cpp; sourceTree = "<group>"; };
		1D243FB91F1AE8A2003E220A /* Sound.cpp */ = {isa = PBXFileReference; fileEncoding = 4; lastKnownFileType = sourcecode.cpp.cpp; name = Sound.cpp; path = ../../../../../cpp/Sound/mac/Sound.cpp; sourceTree = "<group>"; };
		1D243FBB1F1AE98F003E220A /* include */ = {isa = PBXFileReference; lastKnownFileType = folder; name = include; path = ../include; sourceTree = "<group>"; };
		A20A6F9F1835E22A00B8F7B5 /* OpenAL.framework */ = {isa = PBXFileReference; lastKnownFileType = wrapper.framework; name = OpenAL.framework; path = System/Library/Frameworks/OpenAL.framework; sourceTree = SDKROOT; };
		A2334581182B7D7300DA7962 /* MyView.h */ = {isa = PBXFileReference; fileEncoding = 4; lastKnownFileType = sourcecode.c.h; path = MyView.h; sourceTree = "<group>"; };
		A2334582182B7E2800DA7962 /* MyView.mm */ = {isa = PBXFileReference; fileEncoding = 4; lastKnownFileType = sourcecode.cpp.objcpp; path = MyView.mm; sourceTree = "<group>"; };
		A23345C7182CD31F00DA7962 /* SunabaWrapper.h */ = {isa = PBXFileReference; fileEncoding = 4; lastKnownFileType = sourcecode.c.h; path = SunabaWrapper.h; sourceTree = "<group>"; };
		A23345C8182CD31F00DA7962 /* SunabaWrapper.mm */ = {isa = PBXFileReference; fileEncoding = 4; lastKnownFileType = sourcecode.cpp.objcpp; path = SunabaWrapper.mm; sourceTree = "<group>"; };
		A2ABF6B51828B3C700228181 /* MacSunaba.app */ = {isa = PBXFileReference; explicitFileType = wrapper.application; includeInIndex = 0; path = MacSunaba.app; sourceTree = BUILT_PRODUCTS_DIR; };
		A2ABF6B81828B3C700228181 /* Cocoa.framework */ = {isa = PBXFileReference; lastKnownFileType = wrapper.framework; name = Cocoa.framework; path = System/Library/Frameworks/Cocoa.framework; sourceTree = SDKROOT; };
		A2ABF6BB1828B3C700228181 /* AppKit.framework */ = {isa = PBXFileReference; lastKnownFileType = wrapper.framework; name = AppKit.framework; path = System/Library/Frameworks/AppKit.framework; sourceTree = SDKROOT; };
		A2ABF6BC1828B3C700228181 /* CoreData.framework */ = {isa = PBXFileReference; lastKnownFileType = wrapper.framework; name = CoreData.framework; path = System/Library/Frameworks/CoreData.framework; sourceTree = SDKROOT; };
		A2ABF6BD1828B3C700228181 /* Foundation.framework */ = {isa = PBXFileReference; lastKnownFileType = wrapper.framework; name = Foundation.framework; path = System/Library/Frameworks/Foundation.framework; sourceTree = SDKROOT; };
		A2ABF6C01828B3C700228181 /* MacSunaba-Info.plist */ = {isa = PBXFileReference; lastKnownFileType = text.plist.xml; path = "MacSunaba-Info.plist"; sourceTree = "<group>"; };
		A2ABF6C21828B3C700228181 /* en */ = {isa = PBXFileReference; lastKnownFileType = text.plist.strings; name = en; path = en.lproj/InfoPlist.strings; sourceTree = "<group>"; };
		A2ABF6C41828B3C700228181 /* main.mm */ = {isa = PBXFileReference; lastKnownFileType = sourcecode.cpp.objcpp; path = main.mm; sourceTree = "<group>"; };
		A2ABF6C61828B3C700228181 /* MacSunaba-Prefix.pch */ = {isa = PBXFileReference; lastKnownFileType = sourcecode.c.h; path = "MacSunaba-Prefix.pch"; sourceTree = "<group>"; };
		A2ABF6C81828B3C700228181 /* en */ = {isa = PBXFileReference; lastKnownFileType = text.rtf; name = en; path = en.lproj/Credits.rtf; sourceTree = "<group>"; };
		A2ABF6CA1828B3C700228181 /* AppDelegate.h */ = {isa = PBXFileReference; lastKnownFileType = sourcecode.c.h; path = AppDelegate.h; sourceTree = "<group>"; };
		A2ABF6CB1828B3C700228181 /* AppDelegate.mm */ = {isa = PBXFileReference; lastKnownFileType = sourcecode.cpp.objcpp; path = AppDelegate.mm; sourceTree = "<group>"; };
		A2ABF6CE1828B3C700228181 /* Base */ = {isa = PBXFileReference; lastKnownFileType = file.xib; name = Base; path = Base.lproj/MainMenu.xib; sourceTree = "<group>"; };
		A2ABF6D01828B3C700228181 /* Images.xcassets */ = {isa = PBXFileReference; lastKnownFileType = folder.assetcatalog; path = Images.xcassets; sourceTree = "<group>"; };
		A2ABF6D61828B3C700228181 /* MacSunabaTests.xctest */ = {isa = PBXFileReference; explicitFileType = wrapper.cfbundle; includeInIndex = 0; path = MacSunabaTests.xctest; sourceTree = BUILT_PRODUCTS_DIR; };
		A2ABF6D71828B3C700228181 /* XCTest.framework */ = {isa = PBXFileReference; lastKnownFileType = wrapper.framework; name = XCTest.framework; path = Library/Frameworks/XCTest.framework; sourceTree = DEVELOPER_DIR; };
		A2ABF6DE1828B3C700228181 /* MacSunabaTests-Info.plist */ = {isa = PBXFileReference; lastKnownFileType = text.plist.xml; path = "MacSunabaTests-Info.plist"; sourceTree = "<group>"; };
		A2ABF6E01828B3C700228181 /* en */ = {isa = PBXFileReference; lastKnownFileType = text.plist.strings; name = en; path = en.lproj/InfoPlist.strings; sourceTree = "<group>"; };
		A2ABF6E21828B3C700228181 /* MacSunabaTests.m */ = {isa = PBXFileReference; lastKnownFileType = sourcecode.c.objc; path = MacSunabaTests.m; sourceTree = "<group>"; };
		A2ABF6EC1828B68700228181 /* MyGLView.h */ = {isa = PBXFileReference; fileEncoding = 4; lastKnownFileType = sourcecode.c.h; path = MyGLView.h; sourceTree = "<group>"; };
		A2ABF6ED1828B68700228181 /* MyGLView.mm */ = {isa = PBXFileReference; fileEncoding = 4; lastKnownFileType = sourcecode.cpp.objcpp; path = MyGLView.mm; sourceTree = "<group>"; };
		A2ABF7391828B6E800228181 /* OpenGL.framework */ = {isa = PBXFileReference; lastKnownFileType = wrapper.framework; name = OpenGL.framework; path = System/Library/Frameworks/OpenGL.framework; sourceTree = SDKROOT; };
/* End PBXFileReference section */

/* Begin PBXFrameworksBuildPhase section */
		A2ABF6B21828B3C700228181 /* Frameworks */ = {
			isa = PBXFrameworksBuildPhase;
			buildActionMask = 2147483647;
			files = (
				A20A6FA01835E22A00B8F7B5 /* OpenAL.framework in Frameworks */,
				A2ABF73A1828B6E800228181 /* OpenGL.framework in Frameworks */,
				A2ABF6B91828B3C700228181 /* Cocoa.framework in Frameworks */,
			);
			runOnlyForDeploymentPostprocessing = 0;
		};
		A2ABF6D31828B3C700228181 /* Frameworks */ = {
			isa = PBXFrameworksBuildPhase;
			buildActionMask = 2147483647;
			files = (
				A2ABF6D91828B3C700228181 /* Cocoa.framework in Frameworks */,
				A2ABF6D81828B3C700228181 /* XCTest.framework in Frameworks */,
			);
			runOnlyForDeploymentPostprocessing = 0;
		};
/* End PBXFrameworksBuildPhase section */

/* Begin PBXGroup section */
		A2ABF6AC1828B3C700228181 = {
			isa = PBXGroup;
			children = (
				1D243FBB1F1AE98F003E220A /* include */,
				A2ABF6BE1828B3C700228181 /* MacSunaba */,
				A2ABF6DC1828B3C700228181 /* MacSunabaTests */,
				A2ABF6B71828B3C700228181 /* Frameworks */,
				A2ABF6B61828B3C700228181 /* Products */,
			);
			sourceTree = "<group>";
		};
		A2ABF6B61828B3C700228181 /* Products */ = {
			isa = PBXGroup;
			children = (
				A2ABF6B51828B3C700228181 /* MacSunaba.app */,
				A2ABF6D61828B3C700228181 /* MacSunabaTests.xctest */,
			);
			name = Products;
			sourceTree = "<group>";
		};
		A2ABF6B71828B3C700228181 /* Frameworks */ = {
			isa = PBXGroup;
			children = (
				A20A6F9F1835E22A00B8F7B5 /* OpenAL.framework */,
				A2ABF7391828B6E800228181 /* OpenGL.framework */,
				A2ABF6B81828B3C700228181 /* Cocoa.framework */,
				A2ABF6D71828B3C700228181 /* XCTest.framework */,
				A2ABF6BA1828B3C700228181 /* Other Frameworks */,
			);
			name = Frameworks;
			sourceTree = "<group>";
		};
		A2ABF6BA1828B3C700228181 /* Other Frameworks */ = {
			isa = PBXGroup;
			children = (
				A2ABF6BB1828B3C700228181 /* AppKit.framework */,
				A2ABF6BC1828B3C700228181 /* CoreData.framework */,
				A2ABF6BD1828B3C700228181 /* Foundation.framework */,
			);
			name = "Other Frameworks";
			sourceTree = "<group>";
		};
		A2ABF6BE1828B3C700228181 /* MacSunaba */ = {
			isa = PBXGroup;
			children = (
				A2ABF73B1828B70800228181 /* Base */,
				A2ABF7401828B70800228181 /* Graphics */,
				A2ABF7461828B70800228181 /* Sound */,
				A2ABF6EC1828B68700228181 /* MyGLView.h */,
				A2ABF6ED1828B68700228181 /* MyGLView.mm */,
				A2ABF6CA1828B3C700228181 /* AppDelegate.h */,
				A2ABF6CB1828B3C700228181 /* AppDelegate.mm */,
				A2ABF6CD1828B3C700228181 /* MainMenu.xib */,
				A2ABF6D01828B3C700228181 /* Images.xcassets */,
				A2ABF6BF1828B3C700228181 /* Supporting Files */,
			);
			path = MacSunaba;
			sourceTree = "<group>";
		};
		A2ABF6BF1828B3C700228181 /* Supporting Files */ = {
			isa = PBXGroup;
			children = (
				A2ABF6C41828B3C700228181 /* main.mm */,
				A2334581182B7D7300DA7962 /* MyView.h */,
				A2334582182B7E2800DA7962 /* MyView.mm */,
				A2ABF6C01828B3C700228181 /* MacSunaba-Info.plist */,
				A2ABF6C11828B3C700228181 /* InfoPlist.strings */,
				A2ABF6C61828B3C700228181 /* MacSunaba-Prefix.pch */,
				A2ABF6C71828B3C700228181 /* Credits.rtf */,
				A23345C7182CD31F00DA7962 /* SunabaWrapper.h */,
				A23345C8182CD31F00DA7962 /* SunabaWrapper.mm */,
			);
			name = "Supporting Files";
			sourceTree = "<group>";
		};
		A2ABF6DC1828B3C700228181 /* MacSunabaTests */ = {
			isa = PBXGroup;
			children = (
				A2ABF6E21828B3C700228181 /* MacSunabaTests.m */,
				A2ABF6DD1828B3C700228181 /* Supporting Files */,
			);
			path = MacSunabaTests;
			sourceTree = "<group>";
		};
		A2ABF6DD1828B3C700228181 /* Supporting Files */ = {
			isa = PBXGroup;
			children = (
				A2ABF6DE1828B3C700228181 /* MacSunabaTests-Info.plist */,
				A2ABF6DF1828B3C700228181 /* InfoPlist.strings */,
			);
			name = "Supporting Files";
			sourceTree = "<group>";
		};
		A2ABF73B1828B70800228181 /* Base */ = {
			isa = PBXGroup;
			children = (
				1D243FB51F1AE881003E220A /* Os.mm */,
			);
			name = Base;
			path = SunabaCore/cpp/Base;
			sourceTree = "<group>";
		};
		A2ABF7401828B70800228181 /* Graphics */ = {
			isa = PBXGroup;
			children = (
				1D243FB71F1AE893003E220A /* Graphics.cpp */,
			);
			name = Graphics;
			path = SunabaCore/cpp/Graphics;
			sourceTree = "<group>";
		};
		A2ABF7461828B70800228181 /* Sound */ = {
			isa = PBXGroup;
			children = (
				1D243FB91F1AE8A2003E220A /* Sound.cpp */,
			);
			name = Sound;
			path = SunabaCore/cpp/Sound;
			sourceTree = "<group>";
		};
/* End PBXGroup section */

/* Begin PBXNativeTarget section */
		A2ABF6B41828B3C700228181 /* MacSunaba */ = {
			isa = PBXNativeTarget;
			buildConfigurationList = A2ABF6E61828B3C700228181 /* Build configuration list for PBXNativeTarget "MacSunaba" */;
			buildPhases = (
				A2ABF6B11828B3C700228181 /* Sources */,
				A2ABF6B21828B3C700228181 /* Frameworks */,
				A2ABF6B31828B3C700228181 /* Resources */,
			);
			buildRules = (
			);
			dependencies = (
			);
			name = MacSunaba;
			productName = MacSunaba;
			productReference = A2ABF6B51828B3C700228181 /* MacSunaba.app */;
			productType = "com.apple.product-type.application";
		};
		A2ABF6D51828B3C700228181 /* MacSunabaTests */ = {
			isa = PBXNativeTarget;
			buildConfigurationList = A2ABF6E91828B3C700228181 /* Build configuration list for PBXNativeTarget "MacSunabaTests" */;
			buildPhases = (
				A2ABF6D21828B3C700228181 /* Sources */,
				A2ABF6D31828B3C700228181 /* Frameworks */,
				A2ABF6D41828B3C700228181 /* Resources */,
			);
			buildRules = (
			);
			dependencies = (
				A2ABF6DB1828B3C700228181 /* PBXTargetDependency */,
			);
			name = MacSunabaTests;
			productName = MacSunabaTests;
			productReference = A2ABF6D61828B3C700228181 /* MacSunabaTests.xctest */;
			productType = "com.apple.product-type.bundle.unit-test";
		};
/* End PBXNativeTarget section */

/* Begin PBXProject section */
		A2ABF6AD1828B3C700228181 /* Project object */ = {
			isa = PBXProject;
			attributes = {
				LastUpgradeCheck = 0820;
				ORGANIZATIONNAME = library;
				TargetAttributes = {
					A2ABF6D51828B3C700228181 = {
						TestTargetID = A2ABF6B41828B3C700228181;
					};
				};
			};
			buildConfigurationList = A2ABF6B01828B3C700228181 /* Build configuration list for PBXProject "MacSunaba" */;
			compatibilityVersion = "Xcode 3.2";
			developmentRegion = English;
			hasScannedForEncodings = 0;
			knownRegions = (
				en,
				Base,
			);
			mainGroup = A2ABF6AC1828B3C700228181;
			productRefGroup = A2ABF6B61828B3C700228181 /* Products */;
			projectDirPath = "";
			projectRoot = "";
			targets = (
				A2ABF6B41828B3C700228181 /* MacSunaba */,
				A2ABF6D51828B3C700228181 /* MacSunabaTests */,
			);
		};
/* End PBXProject section */

/* Begin PBXResourcesBuildPhase section */
		A2ABF6B31828B3C700228181 /* Resources */ = {
			isa = PBXResourcesBuildPhase;
			buildActionMask = 2147483647;
			files = (
				A2ABF6C31828B3C700228181 /* InfoPlist.strings in Resources */,
				A2ABF6D11828B3C700228181 /* Images.xcassets in Resources */,
				A2ABF6C91828B3C700228181 /* Credits.rtf in Resources */,
				1D243FBC1F1AE98F003E220A /* include in Resources */,
				A2ABF6CF1828B3C700228181 /* MainMenu.xib in Resources */,
			);
			runOnlyForDeploymentPostprocessing = 0;
		};
		A2ABF6D41828B3C700228181 /* Resources */ = {
			isa = PBXResourcesBuildPhase;
			buildActionMask = 2147483647;
			files = (
				A2ABF6E11828B3C700228181 /* InfoPlist.strings in Resources */,
			);
			runOnlyForDeploymentPostprocessing = 0;
		};
/* End PBXResourcesBuildPhase section */

/* Begin PBXSourcesBuildPhase section */
		A2ABF6B11828B3C700228181 /* Sources */ = {
			isa = PBXSourcesBuildPhase;
			buildActionMask = 2147483647;
			files = (
				A2334583182B7E2800DA7962 /* MyView.mm in Sources */,
				A23345C9182CD31F00DA7962 /* SunabaWrapper.mm in Sources */,
				A2ABF6CC1828B3C700228181 /* AppDelegate.mm in Sources */,
				1D243FBA1F1AE8A2003E220A /* Sound.cpp in Sources */,
				A2ABF6EE1828B68700228181 /* MyGLView.mm in Sources */,
				A2ABF6C51828B3C700228181 /* main.mm in Sources */,
				1D243FB81F1AE893003E220A /* Graphics.cpp in Sources */,
				1D243FB61F1AE881003E220A /* Os.mm in Sources */,
			);
			runOnlyForDeploymentPostprocessing = 0;
		};
		A2ABF6D21828B3C700228181 /* Sources */ = {
			isa = PBXSourcesBuildPhase;
			buildActionMask = 2147483647;
			files = (
				A2ABF6E31828B3C700228181 /* MacSunabaTests.m in Sources */,
			);
			runOnlyForDeploymentPostprocessing = 0;
		};
/* End PBXSourcesBuildPhase section */

/* Begin PBXTargetDependency section */
		A2ABF6DB1828B3C700228181 /* PBXTargetDependency */ = {
			isa = PBXTargetDependency;
			target = A2ABF6B41828B3C700228181 /* MacSunaba */;
			targetProxy = A2ABF6DA1828B3C700228181 /* PBXContainerItemProxy */;
		};
/* End PBXTargetDependency section */

/* Begin PBXVariantGroup section */
		A2ABF6C11828B3C700228181 /* InfoPlist.strings */ = {
			isa = PBXVariantGroup;
			children = (
				A2ABF6C21828B3C700228181 /* en */,
			);
			name = InfoPlist.strings;
			sourceTree = "<group>";
		};
		A2ABF6C71828B3C700228181 /* Credits.rtf */ = {
			isa = PBXVariantGroup;
			children = (
				A2ABF6C81828B3C700228181 /* en */,
			);
			name = Credits.rtf;
			sourceTree = "<group>";
		};
		A2ABF6CD1828B3C700228181 /* MainMenu.xib */ = {
			isa = PBXVariantGroup;
			children = (
				A2ABF6CE1828B3C700228181 /* Base */,
			);
			name = MainMenu.xib;
			sourceTree = "<group>";
		};
		A2ABF6DF1828B3C700228181 /* InfoPlist.strings */ = {
			isa = PBXVariantGroup;
			children = (
				A2ABF6E01828B3C700228181 /* en */,
			);
			name = InfoPlist.strings;
			sourceTree = "<group>";
		};
/* End PBXVariantGroup section */

/* Begin XCBuildConfiguration section */
		A2ABF6E41828B3C700228181 /* Debug */ = {
			isa = XCBuildConfiguration;
			buildSettings = {
				ALWAYS_SEARCH_USER_PATHS = NO;
				CLANG_CXX_LANGUAGE_STANDARD = "gnu++0x";
				CLANG_CXX_LIBRARY = "libc++";
				CLANG_ENABLE_OBJC_ARC = YES;
				CLANG_WARN_BOOL_CONVERSION = YES;
				CLANG_WARN_CONSTANT_CONVERSION = YES;
				CLANG_WARN_DIRECT_OBJC_ISA_USAGE = YES_ERROR;
				CLANG_WARN_EMPTY_BODY = YES;
				CLANG_WARN_ENUM_CONVERSION = YES;
				CLANG_WARN_INFINITE_RECURSION = YES;
				CLANG_WARN_INT_CONVERSION = YES;
				CLANG_WARN_OBJC_ROOT_CLASS = YES_ERROR;
				CLANG_WARN_SUSPICIOUS_MOVE = YES;
				CLANG_WARN_UNREACHABLE_CODE = YES;
				CLANG_WARN__DUPLICATE_METHOD_MATCH = YES;
				COPY_PHASE_STRIP = NO;
				ENABLE_STRICT_OBJC_MSGSEND = YES;
				ENABLE_TESTABILITY = YES;
				GCC_C_LANGUAGE_STANDARD = gnu99;
				GCC_DYNAMIC_NO_PIC = NO;
				GCC_ENABLE_OBJC_EXCEPTIONS = YES;
				GCC_NO_COMMON_BLOCKS = YES;
				GCC_OPTIMIZATION_LEVEL = 0;
				GCC_PREPROCESSOR_DEFINITIONS = SUNABA_USE_PSEUDO_SOCKET;
				GCC_SYMBOLS_PRIVATE_EXTERN = NO;
				GCC_WARN_64_TO_32_BIT_CONVERSION = YES;
				GCC_WARN_ABOUT_RETURN_TYPE = YES_ERROR;
				GCC_WARN_UNDECLARED_SELECTOR = YES;
				GCC_WARN_UNINITIALIZED_AUTOS = YES;
				GCC_WARN_UNUSED_FUNCTION = YES;
				GCC_WARN_UNUSED_VARIABLE = YES;
				HEADER_SEARCH_PATHS = (
					"$(PROJECT_DIR)/../include",
					"$(inherited)",
					/Applications/Xcode.app/Contents/Developer/Toolchains/XcodeDefault.xctoolchain/usr/include,
				);
				MACOSX_DEPLOYMENT_TARGET = 10.6;
				ONLY_ACTIVE_ARCH = YES;
				SDKROOT = macosx;
			};
			name = Debug;
		};
		A2ABF6E51828B3C700228181 /* Release */ = {
			isa = XCBuildConfiguration;
			buildSettings = {
				ALWAYS_SEARCH_USER_PATHS = NO;
				CLANG_CXX_LANGUAGE_STANDARD = "gnu++0x";
				CLANG_CXX_LIBRARY = "libc++";
				CLANG_ENABLE_OBJC_ARC = YES;
				CLANG_WARN_BOOL_CONVERSION = YES;
				CLANG_WARN_CONSTANT_CONVERSION = YES;
				CLANG_WARN_DIRECT_OBJC_ISA_USAGE = YES_ERROR;
				CLANG_WARN_EMPTY_BODY = YES;
				CLANG_WARN_ENUM_CONVERSION = YES;
				CLANG_WARN_INFINITE_RECURSION = YES;
				CLANG_WARN_INT_CONVERSION = YES;
				CLANG_WARN_OBJC_ROOT_CLASS = YES_ERROR;
				CLANG_WARN_SUSPICIOUS_MOVE = YES;
				CLANG_WARN_UNREACHABLE_CODE = YES;
				CLANG_WARN__DUPLICATE_METHOD_MATCH = YES;
				COPY_PHASE_STRIP = YES;
				DEBUG_INFORMATION_FORMAT = "dwarf-with-dsym";
				ENABLE_NS_ASSERTIONS = NO;
				ENABLE_STRICT_OBJC_MSGSEND = YES;
				GCC_C_LANGUAGE_STANDARD = gnu99;
				GCC_ENABLE_OBJC_EXCEPTIONS = YES;
				GCC_NO_COMMON_BLOCKS = YES;
				GCC_PREPROCESSOR_DEFINITIONS = SUNABA_USE_PSEUDO_SOCKET;
				GCC_WARN_64_TO_32_BIT_CONVERSION = YES;
				GCC_WARN_ABOUT_RETURN_TYPE = YES_ERROR;
				GCC_WARN_UNDECLARED_SELECTOR = YES;
				GCC_WARN_UNINITIALIZED_AUTOS = YES;
				GCC_WARN_UNUSED_FUNCTION = YES;
				GCC_WARN_UNUSED_VARIABLE = YES;
				HEADER_SEARCH_PATHS = (
					"$(PROJECT_DIR)/../include",
					"$(inherited)",
					/Applications/Xcode.app/Contents/Developer/Toolchains/XcodeDefault.xctoolchain/usr/include,
				);
				MACOSX_DEPLOYMENT_TARGET = 10.6;
				ONLY_ACTIVE_ARCH = YES;
				SDKROOT = macosx;
			};
			name = Release;
		};
		A2ABF6E71828B3C700228181 /* Debug */ = {
			isa = XCBuildConfiguration;
			buildSettings = {
				ASSETCATALOG_COMPILER_APPICON_NAME = AppIcon;
				COMBINE_HIDPI_IMAGES = YES;
				GCC_PRECOMPILE_PREFIX_HEADER = YES;
				GCC_PREFIX_HEADER = "MacSunaba/MacSunaba-Prefix.pch";
				"GCC_PREPROCESSOR_DEFINITIONS[arch=*]" = SUNABA_USE_PSEUDO_SOCKET;
				INFOPLIST_FILE = "MacSunaba/MacSunaba-Info.plist";
				MACOSX_DEPLOYMENT_TARGET = 10.7;
				OTHER_CFLAGS = "";
				PRODUCT_BUNDLE_IDENTIFIER = "Private.${PRODUCT_NAME:rfc1034identifier}";
				PRODUCT_NAME = "$(TARGET_NAME)";
				WRAPPER_EXTENSION = app;
			};
			name = Debug;
		};
		A2ABF6E81828B3C700228181 /* Release */ = {
			isa = XCBuildConfiguration;
			buildSettings = {
				ASSETCATALOG_COMPILER_APPICON_NAME = AppIcon;
				COMBINE_HIDPI_IMAGES = YES;
				GCC_PRECOMPILE_PREFIX_HEADER = YES;
				GCC_PREFIX_HEADER = "MacSunaba/MacSunaba-Prefix.pch";
				"GCC_PREPROCESSOR_DEFINITIONS[arch=*]" = SUNABA_USE_PSEUDO_SOCKET;
				INFOPLIST_FILE = "MacSunaba/MacSunaba-Info.plist";
				MACOSX_DEPLOYMENT_TARGET = 10.7;
				OTHER_CFLAGS = "-DNDEBUG";
				PRODUCT_BUNDLE_IDENTIFIER = "Private.${PRODUCT_NAME:rfc1034identifier}";
				PRODUCT_NAME = "$(TARGET_NAME)";
				WRAPPER_EXTENSION = app;
			};
			name = Release;
		};
		A2ABF6EA1828B3C700228181 /* Debug */ = {
			isa = XCBuildConfiguration;
			buildSettings = {
				BUNDLE_LOADER = "$(BUILT_PRODUCTS_DIR)/MacSunaba.app/Contents/MacOS/MacSunaba";
				COMBINE_HIDPI_IMAGES = YES;
				FRAMEWORK_SEARCH_PATHS = (
					"$(DEVELOPER_FRAMEWORKS_DIR)",
					"$(inherited)",
				);
				GCC_PRECOMPILE_PREFIX_HEADER = YES;
				GCC_PREFIX_HEADER = "MacSunaba/MacSunaba-Prefix.pch";
				GCC_PREPROCESSOR_DEFINITIONS = (
					"DEBUG=1",
					"$(inherited)",
				);
				INFOPLIST_FILE = "MacSunabaTests/MacSunabaTests-Info.plist";
				PRODUCT_BUNDLE_IDENTIFIER = "Private.${PRODUCT_NAME:rfc1034identifier}";
				PRODUCT_NAME = "$(TARGET_NAME)";
				TEST_HOST = "$(BUNDLE_LOADER)";
				WRAPPER_EXTENSION = xctest;
			};
			name = Debug;
		};
		A2ABF6EB1828B3C700228181 /* Release */ = {
			isa = XCBuildConfiguration;
			buildSettings = {
				BUNDLE_LOADER = "$(BUILT_PRODUCTS_DIR)/MacSunaba.app/Contents/MacOS/MacSunaba";
				COMBINE_HIDPI_IMAGES = YES;
				FRAMEWORK_SEARCH_PATHS = (
					"$(DEVELOPER_FRAMEWORKS_DIR)",
					"$(inherited)",
				);
				GCC_PRECOMPILE_PREFIX_HEADER = YES;
				GCC_PREFIX_HEADER = "MacSunaba/MacSunaba-Prefix.pch";
				INFOPLIST_FILE = "MacSunabaTests/MacSunabaTests-Info.plist";
				PRODUCT_BUNDLE_IDENTIFIER = "Private.${PRODUCT_NAME:rfc1034identifier}";
				PRODUCT_NAME = "$(TARGET_NAME)";
				TEST_HOST = "$(BUNDLE_LOADER)";
				WRAPPER_EXTENSION = xctest;
			};
			name = Release;
		};
/* End XCBuildConfiguration section */

/* Begin XCConfigurationList section */
		A2ABF6B01828B3C700228181 /* Build configuration list for PBXProject "MacSunaba" */ = {
			isa = XCConfigurationList;
			buildConfigurations = (
				A2ABF6E41828B3C700228181 /* Debug */,
				A2ABF6E51828B3C700228181 /* Release */,
			);
			defaultConfigurationIsVisible = 0;
			defaultConfigurationName = Release;
		};
		A2ABF6E61828B3C700228181 /* Build configuration list for PBXNativeTarget "MacSunaba" */ = {
			isa = XCConfigurationList;
			buildConfigurations = (
				A2ABF6E71828B3C700228181 /* Debug */,
				A2ABF6E81828B3C700228181 /* Release */,
			);
			defaultConfigurationIsVisible = 0;
			defaultConfigurationName = Release;
		};
		A2ABF6E91828B3C700228181 /* Build configuration list for PBXNativeTarget "MacSunabaTests" */ = {
			isa = XCConfigurationList;
			buildConfigurations = (
				A2ABF6EA1828B3C700228181 /* Debug */,
				A2ABF6EB1828B3C700228181 /* Release */,
			);
			defaultConfigurationIsVisible = 0;
			defaultConfigurationName = Release;
		};
/* End XCConfigurationList section */
	};
	rootObject = A2ABF6AD1828B3C700228181 /* Project object */;
}
